
Microsoft Visual Studio Solution File, Format Version 12.00
Project("{FAE04EC0-301F-11D3-BF4B-00C04F79EFBC}") = "EncryptionAssignment", "EncryptionAssignment\EncryptionAssignment.csproj", "{80503798-1E5A-4451-9FE9-263DBF8BB41B}"
EndProject
Global
	GlobalSection(SolutionConfigurationPlatforms) = preSolution
		Debug|Any CPU = Debug|Any CPU
		Release|Any CPU = Release|Any CPU
	EndGlobalSection
	GlobalSection(ProjectConfigurationPlatforms) = postSolution
		{80503798-1E5A-4451-9FE9-263DBF8BB41B}.Debug|Any CPU.ActiveCfg = Debug|Any CPU
		{80503798-1E5A-4451-9FE9-263DBF8BB41B}.Debug|Any CPU.Build.0 = Debug|Any CPU
		{80503798-1E5A-4451-9FE9-263DBF8BB41B}.Release|Any CPU.ActiveCfg = Release|Any CPU
		{80503798-1E5A-4451-9FE9-263DBF8BB41B}.Release|Any CPU.Build.0 = Release|Any CPU
	EndGlobalSection
EndGlobal
